// !$*UTF8*$!
{
	archiveVersion = 1;
	classes = {
	};
	objectVersion = 50;
	objects = {

/* Begin PBXBuildFile section */
		AE789CDD224CD9E400F16984 /* PayOptionViewController.swift in Sources */ = {isa = PBXBuildFile; fileRef = AE789CDC224CD9E300F16984 /* PayOptionViewController.swift */; };
		AE789CDF224CDA3000F16984 /* QuickPayOptionsVC.swift in Sources */ = {isa = PBXBuildFile; fileRef = AE789CDE224CDA3000F16984 /* QuickPayOptionsVC.swift */; };
		AE789CE1224CDA6100F16984 /* CardPayViewController.swift in Sources */ = {isa = PBXBuildFile; fileRef = AE789CE0224CDA6100F16984 /* CardPayViewController.swift */; };
		AE789CE3224CDAB300F16984 /* SelectOptionsPayVC.swift in Sources */ = {isa = PBXBuildFile; fileRef = AE789CE2224CDAB300F16984 /* SelectOptionsPayVC.swift */; };
		AEC610E7222E4C170074AC7D /* AppDelegate.swift in Sources */ = {isa = PBXBuildFile; fileRef = AEC610E6222E4C170074AC7D /* AppDelegate.swift */; };
		AEC610E9222E4C170074AC7D /* ViewController.swift in Sources */ = {isa = PBXBuildFile; fileRef = AEC610E8222E4C170074AC7D /* ViewController.swift */; };
		AEC610EC222E4C170074AC7D /* Main.storyboard in Resources */ = {isa = PBXBuildFile; fileRef = AEC610EA222E4C170074AC7D /* Main.storyboard */; };
		AEC610EE222E4C1C0074AC7D /* Assets.xcassets in Resources */ = {isa = PBXBuildFile; fileRef = AEC610ED222E4C1C0074AC7D /* Assets.xcassets */; };
		AEC610F1222E4C1C0074AC7D /* LaunchScreen.storyboard in Resources */ = {isa = PBXBuildFile; fileRef = AEC610EF222E4C1C0074AC7D /* LaunchScreen.storyboard */; };
		AEE6D6C8224DED53000062B0 /* UserNotifications.framework in Frameworks */ = {isa = PBXBuildFile; fileRef = AEE6D6C7224DED53000062B0 /* UserNotifications.framework */; };
		AEE6D6CA224DED53000062B0 /* UserNotificationsUI.framework in Frameworks */ = {isa = PBXBuildFile; fileRef = AEE6D6C9224DED53000062B0 /* UserNotificationsUI.framework */; };
		AEE6D6CD224DED53000062B0 /* NotificationViewController.swift in Sources */ = {isa = PBXBuildFile; fileRef = AEE6D6CC224DED53000062B0 /* NotificationViewController.swift */; };
		AEE6D6D0224DED53000062B0 /* MainInterface.storyboard in Resources */ = {isa = PBXBuildFile; fileRef = AEE6D6CE224DED53000062B0 /* MainInterface.storyboard */; };
		AEE6D6D4224DED53000062B0 /* Notification Content App Extension.appex in Embed App Extensions */ = {isa = PBXBuildFile; fileRef = AEE6D6C5224DED53000062B0 /* Notification Content App Extension.appex */; settings = {ATTRIBUTES = (RemoveHeadersOnCopy, ); }; };
		AEE6D6DA224DFE5C000062B0 /* work-briefcase.png in Resources */ = {isa = PBXBuildFile; fileRef = AEE6D6D9224DFE5C000062B0 /* work-briefcase.png */; };
		AEE6D6DC224E06B2000062B0 /* florvideoplayback.mp4 in Resources */ = {isa = PBXBuildFile; fileRef = AEE6D6DB224E06B1000062B0 /* florvideoplayback.mp4 */; };
/* End PBXBuildFile section */

/* Begin PBXContainerItemProxy section */
		AEE6D6D2224DED53000062B0 /* PBXContainerItemProxy */ = {
			isa = PBXContainerItemProxy;
			containerPortal = AEC610DB222E4C170074AC7D /* Project object */;
			proxyType = 1;
			remoteGlobalIDString = AEE6D6C4224DED53000062B0;
			remoteInfo = "Notification Content App Extension";
		};
/* End PBXContainerItemProxy section */

/* Begin PBXCopyFilesBuildPhase section */
		AEE6D6D8224DED54000062B0 /* Embed App Extensions */ = {
			isa = PBXCopyFilesBuildPhase;
			buildActionMask = 2147483647;
			dstPath = "";
			dstSubfolderSpec = 13;
			files = (
				AEE6D6D4224DED53000062B0 /* Notification Content App Extension.appex in Embed App Extensions */,
			);
			name = "Embed App Extensions";
			runOnlyForDeploymentPostprocessing = 0;
		};
/* End PBXCopyFilesBuildPhase section */

/* Begin PBXFileReference section */
		AE789CDC224CD9E300F16984 /* PayOptionViewController.swift */ = {isa = PBXFileReference; lastKnownFileType = sourcecode.swift; path = PayOptionViewController.swift; sourceTree = "<group>"; };
		AE789CDE224CDA3000F16984 /* QuickPayOptionsVC.swift */ = {isa = PBXFileReference; lastKnownFileType = sourcecode.swift; path = QuickPayOptionsVC.swift; sourceTree = "<group>"; };
		AE789CE0224CDA6100F16984 /* CardPayViewController.swift */ = {isa = PBXFileReference; lastKnownFileType = sourcecode.swift; path = CardPayViewController.swift; sourceTree = "<group>"; };
		AE789CE2224CDAB300F16984 /* SelectOptionsPayVC.swift */ = {isa = PBXFileReference; lastKnownFileType = sourcecode.swift; path = SelectOptionsPayVC.swift; sourceTree = "<group>"; };
		AEC610E3222E4C170074AC7D /* VendorManager.app */ = {isa = PBXFileReference; explicitFileType = wrapper.application; includeInIndex = 0; path = VendorManager.app; sourceTree = BUILT_PRODUCTS_DIR; };
		AEC610E6222E4C170074AC7D /* AppDelegate.swift */ = {isa = PBXFileReference; lastKnownFileType = sourcecode.swift; path = AppDelegate.swift; sourceTree = "<group>"; };
		AEC610E8222E4C170074AC7D /* ViewController.swift */ = {isa = PBXFileReference; lastKnownFileType = sourcecode.swift; path = ViewController.swift; sourceTree = "<group>"; };
		AEC610EB222E4C170074AC7D /* Base */ = {isa = PBXFileReference; lastKnownFileType = file.storyboard; name = Base; path = Base.lproj/Main.storyboard; sourceTree = "<group>"; };
		AEC610ED222E4C1C0074AC7D /* Assets.xcassets */ = {isa = PBXFileReference; lastKnownFileType = folder.assetcatalog; path = Assets.xcassets; sourceTree = "<group>"; };
		AEC610F0222E4C1C0074AC7D /* Base */ = {isa = PBXFileReference; lastKnownFileType = file.storyboard; name = Base; path = Base.lproj/LaunchScreen.storyboard; sourceTree = "<group>"; };
		AEC610F2222E4C1C0074AC7D /* Info.plist */ = {isa = PBXFileReference; lastKnownFileType = text.plist.xml; path = Info.plist; sourceTree = "<group>"; };
		AEE6D6C5224DED53000062B0 /* Notification Content App Extension.appex */ = {isa = PBXFileReference; explicitFileType = "wrapper.app-extension"; includeInIndex = 0; path = "Notification Content App Extension.appex"; sourceTree = BUILT_PRODUCTS_DIR; };
		AEE6D6C7224DED53000062B0 /* UserNotifications.framework */ = {isa = PBXFileReference; lastKnownFileType = wrapper.framework; name = UserNotifications.framework; path = System/Library/Frameworks/UserNotifications.framework; sourceTree = SDKROOT; };
		AEE6D6C9224DED53000062B0 /* UserNotificationsUI.framework */ = {isa = PBXFileReference; lastKnownFileType = wrapper.framework; name = UserNotificationsUI.framework; path = System/Library/Frameworks/UserNotificationsUI.framework; sourceTree = SDKROOT; };
		AEE6D6CC224DED53000062B0 /* NotificationViewController.swift */ = {isa = PBXFileReference; lastKnownFileType = sourcecode.swift; path = NotificationViewController.swift; sourceTree = "<group>"; };
		AEE6D6CF224DED53000062B0 /* Base */ = {isa = PBXFileReference; lastKnownFileType = file.storyboard; name = Base; path = Base.lproj/MainInterface.storyboard; sourceTree = "<group>"; };
		AEE6D6D1224DED53000062B0 /* Info.plist */ = {isa = PBXFileReference; lastKnownFileType = text.plist.xml; path = Info.plist; sourceTree = "<group>"; };
		AEE6D6D9224DFE5C000062B0 /* work-briefcase.png */ = {isa = PBXFileReference; lastKnownFileType = image.png; path = "work-briefcase.png"; sourceTree = "<group>"; };
		AEE6D6DB224E06B1000062B0 /* florvideoplayback.mp4 */ = {isa = PBXFileReference; lastKnownFileType = file; path = florvideoplayback.mp4; sourceTree = "<group>"; };
/* End PBXFileReference section */

/* Begin PBXFrameworksBuildPhase section */
		AEC610E0222E4C170074AC7D /* Frameworks */ = {
			isa = PBXFrameworksBuildPhase;
			buildActionMask = 2147483647;
			files = (
			);
			runOnlyForDeploymentPostprocessing = 0;
		};
		AEE6D6C2224DED53000062B0 /* Frameworks */ = {
			isa = PBXFrameworksBuildPhase;
			buildActionMask = 2147483647;
			files = (
				AEE6D6CA224DED53000062B0 /* UserNotificationsUI.framework in Frameworks */,
				AEE6D6C8224DED53000062B0 /* UserNotifications.framework in Frameworks */,
			);
			runOnlyForDeploymentPostprocessing = 0;
		};
/* End PBXFrameworksBuildPhase section */

/* Begin PBXGroup section */
		AEC610DA222E4C170074AC7D = {
			isa = PBXGroup;
			children = (
				AEC610E5222E4C170074AC7D /* VendorManager */,
				AEE6D6CB224DED53000062B0 /* Notification Content App Extension */,
				AEE6D6C6224DED53000062B0 /* Frameworks */,
				AEC610E4222E4C170074AC7D /* Products */,
			);
			sourceTree = "<group>";
		};
		AEC610E4222E4C170074AC7D /* Products */ = {
			isa = PBXGroup;
			children = (
				AEC610E3222E4C170074AC7D /* VendorManager.app */,
				AEE6D6C5224DED53000062B0 /* Notification Content App Extension.appex */,
			);
			name = Products;
			sourceTree = "<group>";
		};
		AEC610E5222E4C170074AC7D /* VendorManager */ = {
			isa = PBXGroup;
			children = (
				AEC610E6222E4C170074AC7D /* AppDelegate.swift */,
				AEC610E8222E4C170074AC7D /* ViewController.swift */,
				AE789CDC224CD9E300F16984 /* PayOptionViewController.swift */,
				AE789CDE224CDA3000F16984 /* QuickPayOptionsVC.swift */,
				AE789CE0224CDA6100F16984 /* CardPayViewController.swift */,
				AE789CE2224CDAB300F16984 /* SelectOptionsPayVC.swift */,
				AEC610EA222E4C170074AC7D /* Main.storyboard */,
				AEC610ED222E4C1C0074AC7D /* Assets.xcassets */,
				AEC610EF222E4C1C0074AC7D /* LaunchScreen.storyboard */,
				AEE6D6D9224DFE5C000062B0 /* work-briefcase.png */,
				AEE6D6DB224E06B1000062B0 /* florvideoplayback.mp4 */,
				AEC610F2222E4C1C0074AC7D /* Info.plist */,
			);
			path = VendorManager;
			sourceTree = "<group>";
		};
		AEE6D6C6224DED53000062B0 /* Frameworks */ = {
			isa = PBXGroup;
			children = (
				AEE6D6C7224DED53000062B0 /* UserNotifications.framework */,
				AEE6D6C9224DED53000062B0 /* UserNotificationsUI.framework */,
			);
			name = Frameworks;
			sourceTree = "<group>";
		};
		AEE6D6CB224DED53000062B0 /* Notification Content App Extension */ = {
			isa = PBXGroup;
			children = (
				AEE6D6CC224DED53000062B0 /* NotificationViewController.swift */,
				AEE6D6CE224DED53000062B0 /* MainInterface.storyboard */,
				AEE6D6D1224DED53000062B0 /* Info.plist */,
			);
			path = "Notification Content App Extension";
			sourceTree = "<group>";
		};
/* End PBXGroup section */

/* Begin PBXNativeTarget section */
		AEC610E2222E4C170074AC7D /* VendorManager */ = {
			isa = PBXNativeTarget;
			buildConfigurationList = AEC610F5222E4C1C0074AC7D /* Build configuration list for PBXNativeTarget "VendorManager" */;
			buildPhases = (
				AEC610DF222E4C170074AC7D /* Sources */,
				AEC610E0222E4C170074AC7D /* Frameworks */,
				AEC610E1222E4C170074AC7D /* Resources */,
				AEE6D6D8224DED54000062B0 /* Embed App Extensions */,
			);
			buildRules = (
			);
			dependencies = (
				AEE6D6D3224DED53000062B0 /* PBXTargetDependency */,
			);
			name = VendorManager;
			productName = VendorManager;
			productReference = AEC610E3222E4C170074AC7D /* VendorManager.app */;
			productType = "com.apple.product-type.application";
		};
		AEE6D6C4224DED53000062B0 /* Notification Content App Extension */ = {
			isa = PBXNativeTarget;
			buildConfigurationList = AEE6D6D5224DED54000062B0 /* Build configuration list for PBXNativeTarget "Notification Content App Extension" */;
			buildPhases = (
				AEE6D6C1224DED53000062B0 /* Sources */,
				AEE6D6C2224DED53000062B0 /* Frameworks */,
				AEE6D6C3224DED53000062B0 /* Resources */,
			);
			buildRules = (
			);
			dependencies = (
			);
			name = "Notification Content App Extension";
			productName = "Notification Content App Extension";
			productReference = AEE6D6C5224DED53000062B0 /* Notification Content App Extension.appex */;
			productType = "com.apple.product-type.app-extension";
		};
/* End PBXNativeTarget section */

/* Begin PBXProject section */
		AEC610DB222E4C170074AC7D /* Project object */ = {
			isa = PBXProject;
			attributes = {
				LastSwiftUpdateCheck = 1010;
				LastUpgradeCheck = 1010;
				ORGANIZATIONNAME = iDev;
				TargetAttributes = {
					AEC610E2222E4C170074AC7D = {
						CreatedOnToolsVersion = 10.1;
					};
					AEE6D6C4224DED53000062B0 = {
						CreatedOnToolsVersion = 10.1;
					};
				};
			};
			buildConfigurationList = AEC610DE222E4C170074AC7D /* Build configuration list for PBXProject "VendorManager" */;
			compatibilityVersion = "Xcode 9.3";
			developmentRegion = en;
			hasScannedForEncodings = 0;
			knownRegions = (
				en,
				Base,
			);
			mainGroup = AEC610DA222E4C170074AC7D;
			productRefGroup = AEC610E4222E4C170074AC7D /* Products */;
			projectDirPath = "";
			projectRoot = "";
			targets = (
				AEC610E2222E4C170074AC7D /* VendorManager */,
				AEE6D6C4224DED53000062B0 /* Notification Content App Extension */,
			);
		};
/* End PBXProject section */

/* Begin PBXResourcesBuildPhase section */
		AEC610E1222E4C170074AC7D /* Resources */ = {
			isa = PBXResourcesBuildPhase;
			buildActionMask = 2147483647;
			files = (
				AEE6D6DC224E06B2000062B0 /* florvideoplayback.mp4 in Resources */,
				AEC610F1222E4C1C0074AC7D /* LaunchScreen.storyboard in Resources */,
				AEE6D6DA224DFE5C000062B0 /* work-briefcase.png in Resources */,
				AEC610EE222E4C1C0074AC7D /* Assets.xcassets in Resources */,
				AEC610EC222E4C170074AC7D /* Main.storyboard in Resources */,
			);
			runOnlyForDeploymentPostprocessing = 0;
		};
		AEE6D6C3224DED53000062B0 /* Resources */ = {
			isa = PBXResourcesBuildPhase;
			buildActionMask = 2147483647;
			files = (
				AEE6D6D0224DED53000062B0 /* MainInterface.storyboard in Resources */,
			);
			runOnlyForDeploymentPostprocessing = 0;
		};
/* End PBXResourcesBuildPhase section */

/* Begin PBXSourcesBuildPhase section */
		AEC610DF222E4C170074AC7D /* Sources */ = {
			isa = PBXSourcesBuildPhase;
			buildActionMask = 2147483647;
			files = (
				AE789CDD224CD9E400F16984 /* PayOptionViewController.swift in Sources */,
				AE789CE1224CDA6100F16984 /* CardPayViewController.swift in Sources */,
				AE789CE3224CDAB300F16984 /* SelectOptionsPayVC.swift in Sources */,
				AEC610E9222E4C170074AC7D /* ViewController.swift in Sources */,
				AE789CDF224CDA3000F16984 /* QuickPayOptionsVC.swift in Sources */,
				AEC610E7222E4C170074AC7D /* AppDelegate.swift in Sources */,
			);
			runOnlyForDeploymentPostprocessing = 0;
		};
		AEE6D6C1224DED53000062B0 /* Sources */ = {
			isa = PBXSourcesBuildPhase;
			buildActionMask = 2147483647;
			files = (
				AEE6D6CD224DED53000062B0 /* NotificationViewController.swift in Sources */,
			);
			runOnlyForDeploymentPostprocessing = 0;
		};
/* End PBXSourcesBuildPhase section */

/* Begin PBXTargetDependency section */
		AEE6D6D3224DED53000062B0 /* PBXTargetDependency */ = {
			isa = PBXTargetDependency;
			target = AEE6D6C4224DED53000062B0 /* Notification Content App Extension */;
			targetProxy = AEE6D6D2224DED53000062B0 /* PBXContainerItemProxy */;
		};
/* End PBXTargetDependency section */

/* Begin PBXVariantGroup section */
		AEC610EA222E4C170074AC7D /* Main.storyboard */ = {
			isa = PBXVariantGroup;
			children = (
				AEC610EB222E4C170074AC7D /* Base */,
			);
			name = Main.storyboard;
			sourceTree = "<group>";
		};
		AEC610EF222E4C1C0074AC7D /* LaunchScreen.storyboard */ = {
			isa = PBXVariantGroup;
			children = (
				AEC610F0222E4C1C0074AC7D /* Base */,
			);
			name = LaunchScreen.storyboard;
			sourceTree = "<group>";
		};
		AEE6D6CE224DED53000062B0 /* MainInterface.storyboard */ = {
			isa = PBXVariantGroup;
			children = (
				AEE6D6CF224DED53000062B0 /* Base */,
			);
			name = MainInterface.storyboard;
			sourceTree = "<group>";
		};
/* End PBXVariantGroup section */

/* Begin XCBuildConfiguration section */
		AEC610F3222E4C1C0074AC7D /* Debug */ = {
			isa = XCBuildConfiguration;
			buildSettings = {
				ALWAYS_SEARCH_USER_PATHS = NO;
				CLANG_ANALYZER_NONNULL = YES;
				CLANG_ANALYZER_NUMBER_OBJECT_CONVERSION = YES_AGGRESSIVE;
				CLANG_CXX_LANGUAGE_STANDARD = "gnu++14";
				CLANG_CXX_LIBRARY = "libc++";
				CLANG_ENABLE_MODULES = YES;
				CLANG_ENABLE_OBJC_ARC = YES;
				CLANG_ENABLE_OBJC_WEAK = YES;
				CLANG_WARN_BLOCK_CAPTURE_AUTORELEASING = YES;
				CLANG_WARN_BOOL_CONVERSION = YES;
				CLANG_WARN_COMMA = YES;
				CLANG_WARN_CONSTANT_CONVERSION = YES;
				CLANG_WARN_DEPRECATED_OBJC_IMPLEMENTATIONS = YES;
				CLANG_WARN_DIRECT_OBJC_ISA_USAGE = YES_ERROR;
				CLANG_WARN_DOCUMENTATION_COMMENTS = YES;
				CLANG_WARN_EMPTY_BODY = YES;
				CLANG_WARN_ENUM_CONVERSION = YES;
				CLANG_WARN_INFINITE_RECURSION = YES;
				CLANG_WARN_INT_CONVERSION = YES;
				CLANG_WARN_NON_LITERAL_NULL_CONVERSION = YES;
				CLANG_WARN_OBJC_IMPLICIT_RETAIN_SELF = YES;
				CLANG_WARN_OBJC_LITERAL_CONVERSION = YES;
				CLANG_WARN_OBJC_ROOT_CLASS = YES_ERROR;
				CLANG_WARN_RANGE_LOOP_ANALYSIS = YES;
				CLANG_WARN_STRICT_PROTOTYPES = YES;
				CLANG_WARN_SUSPICIOUS_MOVE = YES;
				CLANG_WARN_UNGUARDED_AVAILABILITY = YES_AGGRESSIVE;
				CLANG_WARN_UNREACHABLE_CODE = YES;
				CLANG_WARN__DUPLICATE_METHOD_MATCH = YES;
				CODE_SIGN_IDENTITY = "iPhone Developer";
				COPY_PHASE_STRIP = NO;
				DEBUG_INFORMATION_FORMAT = dwarf;
				ENABLE_STRICT_OBJC_MSGSEND = YES;
				ENABLE_TESTABILITY = YES;
				GCC_C_LANGUAGE_STANDARD = gnu11;
				GCC_DYNAMIC_NO_PIC = NO;
				GCC_NO_COMMON_BLOCKS = YES;
				GCC_OPTIMIZATION_LEVEL = 0;
				GCC_PREPROCESSOR_DEFINITIONS = (
					"DEBUG=1",
					"$(inherited)",
				);
				GCC_WARN_64_TO_32_BIT_CONVERSION = YES;
				GCC_WARN_ABOUT_RETURN_TYPE = YES_ERROR;
				GCC_WARN_UNDECLARED_SELECTOR = YES;
				GCC_WARN_UNINITIALIZED_AUTOS = YES_AGGRESSIVE;
				GCC_WARN_UNUSED_FUNCTION = YES;
				GCC_WARN_UNUSED_VARIABLE = YES;
				IPHONEOS_DEPLOYMENT_TARGET = 12.1;
				MTL_ENABLE_DEBUG_INFO = INCLUDE_SOURCE;
				MTL_FAST_MATH = YES;
				ONLY_ACTIVE_ARCH = YES;
				SDKROOT = iphoneos;
				SWIFT_ACTIVE_COMPILATION_CONDITIONS = DEBUG;
				SWIFT_OPTIMIZATION_LEVEL = "-Onone";
			};
			name = Debug;
		};
		AEC610F4222E4C1C0074AC7D /* Release */ = {
			isa = XCBuildConfiguration;
			buildSettings = {
				ALWAYS_SEARCH_USER_PATHS = NO;
				CLANG_ANALYZER_NONNULL = YES;
				CLANG_ANALYZER_NUMBER_OBJECT_CONVERSION = YES_AGGRESSIVE;
				CLANG_CXX_LANGUAGE_STANDARD = "gnu++14";
				CLANG_CXX_LIBRARY = "libc++";
				CLANG_ENABLE_MODULES = YES;
				CLANG_ENABLE_OBJC_ARC = YES;
				CLANG_ENABLE_OBJC_WEAK = YES;
				CLANG_WARN_BLOCK_CAPTURE_AUTORELEASING = YES;
				CLANG_WARN_BOOL_CONVERSION = YES;
				CLANG_WARN_COMMA = YES;
				CLANG_WARN_CONSTANT_CONVERSION = YES;
				CLANG_WARN_DEPRECATED_OBJC_IMPLEMENTATIONS = YES;
				CLANG_WARN_DIRECT_OBJC_ISA_USAGE = YES_ERROR;
				CLANG_WARN_DOCUMENTATION_COMMENTS = YES;
				CLANG_WARN_EMPTY_BODY = YES;
				CLANG_WARN_ENUM_CONVERSION = YES;
				CLANG_WARN_INFINITE_RECURSION = YES;
				CLANG_WARN_INT_CONVERSION = YES;
				CLANG_WARN_NON_LITERAL_NULL_CONVERSION = YES;
				CLANG_WARN_OBJC_IMPLICIT_RETAIN_SELF = YES;
				CLANG_WARN_OBJC_LITERAL_CONVERSION = YES;
				CLANG_WARN_OBJC_ROOT_CLASS = YES_ERROR;
				CLANG_WARN_RANGE_LOOP_ANALYSIS = YES;
				CLANG_WARN_STRICT_PROTOTYPES = YES;
				CLANG_WARN_SUSPICIOUS_MOVE = YES;
				CLANG_WARN_UNGUARDED_AVAILABILITY = YES_AGGRESSIVE;
				CLANG_WARN_UNREACHABLE_CODE = YES;
				CLANG_WARN__DUPLICATE_METHOD_MATCH = YES;
				CODE_SIGN_IDENTITY = "iPhone Developer";
				COPY_PHASE_STRIP = NO;
				DEBUG_INFORMATION_FORMAT = "dwarf-with-dsym";
				ENABLE_NS_ASSERTIONS = NO;
				ENABLE_STRICT_OBJC_MSGSEND = YES;
				GCC_C_LANGUAGE_STANDARD = gnu11;
				GCC_NO_COMMON_BLOCKS = YES;
				GCC_WARN_64_TO_32_BIT_CONVERSION = YES;
				GCC_WARN_ABOUT_RETURN_TYPE = YES_ERROR;
				GCC_WARN_UNDECLARED_SELECTOR = YES;
				GCC_WARN_UNINITIALIZED_AUTOS = YES_AGGRESSIVE;
				GCC_WARN_UNUSED_FUNCTION = YES;
				GCC_WARN_UNUSED_VARIABLE = YES;
				IPHONEOS_DEPLOYMENT_TARGET = 12.1;
				MTL_ENABLE_DEBUG_INFO = NO;
				MTL_FAST_MATH = YES;
				SDKROOT = iphoneos;
				SWIFT_COMPILATION_MODE = wholemodule;
				SWIFT_OPTIMIZATION_LEVEL = "-O";
				VALIDATE_PRODUCT = YES;
			};
			name = Release;
		};
		AEC610F6222E4C1C0074AC7D /* Debug */ = {
			isa = XCBuildConfiguration;
			buildSettings = {
				ALWAYS_EMBED_SWIFT_STANDARD_LIBRARIES = YES;
				ASSETCATALOG_COMPILER_APPICON_NAME = AppIcon;
				CODE_SIGN_STYLE = Automatic;
				DEVELOPMENT_TEAM = 8K2C5892ZS;
				INFOPLIST_FILE = VendorManager/Info.plist;
				IPHONEOS_DEPLOYMENT_TARGET = 10.0;
				LD_RUNPATH_SEARCH_PATHS = (
					"$(inherited)",
					"@executable_path/Frameworks",
				);
				PRODUCT_BUNDLE_IDENTIFIER = iDev.com.VendorManagerSEZ;
				PRODUCT_NAME = "$(TARGET_NAME)";
				SWIFT_VERSION = 4.2;
				TARGETED_DEVICE_FAMILY = "1,2";
			};
			name = Debug;
		};
		AEC610F7222E4C1C0074AC7D /* Release */ = {
			isa = XCBuildConfiguration;
			buildSettings = {
				ALWAYS_EMBED_SWIFT_STANDARD_LIBRARIES = YES;
				ASSETCATALOG_COMPILER_APPICON_NAME = AppIcon;
				CODE_SIGN_STYLE = Automatic;
				DEVELOPMENT_TEAM = 8K2C5892ZS;
				INFOPLIST_FILE = VendorManager/Info.plist;
				IPHONEOS_DEPLOYMENT_TARGET = 10.0;
				LD_RUNPATH_SEARCH_PATHS = (
					"$(inherited)",
					"@executable_path/Frameworks",
				);
				PRODUCT_BUNDLE_IDENTIFIER = iDev.com.VendorManagerSEZ;
				PRODUCT_NAME = "$(TARGET_NAME)";
				SWIFT_VERSION = 4.2;
				TARGETED_DEVICE_FAMILY = "1,2";
			};
			name = Release;
		};
		AEE6D6D6224DED54000062B0 /* Debug */ = {
			isa = XCBuildConfiguration;
			buildSettings = {
				CODE_SIGN_STYLE = Automatic;
				DEVELOPMENT_TEAM = 8K2C5892ZS;
				INFOPLIST_FILE = "Notification Content App Extension/Info.plist";
				LD_RUNPATH_SEARCH_PATHS = (
					"$(inherited)",
					"@executable_path/Frameworks",
					"@executable_path/../../Frameworks",
				);
				PRODUCT_BUNDLE_IDENTIFIER = "iDev.com.VendorManagerSEZ.Notification-Content-App-Extension";
				PRODUCT_NAME = "$(TARGET_NAME)";
				SKIP_INSTALL = YES;
				SWIFT_VERSION = 4.2;
				TARGETED_DEVICE_FAMILY = "1,2";
			};
			name = Debug;
		};
		AEE6D6D7224DED54000062B0 /* Release */ = {
			isa = XCBuildConfiguration;
			buildSettings = {
				CODE_SIGN_STYLE = Automatic;
				DEVELOPMENT_TEAM = 8K2C5892ZS;
				INFOPLIST_FILE = "Notification Content App Extension/Info.plist";
				LD_RUNPATH_SEARCH_PATHS = (
					"$(inherited)",
					"@executable_path/Frameworks",
					"@executable_path/../../Frameworks",
				);
				PRODUCT_BUNDLE_IDENTIFIER = "iDev.com.VendorManagerSEZ.Notification-Content-App-Extension";
				PRODUCT_NAME = "$(TARGET_NAME)";
				SKIP_INSTALL = YES;
				SWIFT_VERSION = 4.2;
				TARGETED_DEVICE_FAMILY = "1,2";
			};
			name = Release;
		};
/* End XCBuildConfiguration section */

/* Begin XCConfigurationList section */
		AEC610DE222E4C170074AC7D /* Build configuration list for PBXProject "VendorManager" */ = {
			isa = XCConfigurationList;
			buildConfigurations = (
				AEC610F3222E4C1C0074AC7D /* Debug */,
				AEC610F4222E4C1C0074AC7D /* Release */,
			);
			defaultConfigurationIsVisible = 0;
			defaultConfigurationName = Release;
		};
		AEC610F5222E4C1C0074AC7D /* Build configuration list for PBXNativeTarget "VendorManager" */ = {
			isa = XCConfigurationList;
			buildConfigurations = (
				AEC610F6222E4C1C0074AC7D /* Debug */,
				AEC610F7222E4C1C0074AC7D /* Release */,
			);
			defaultConfigurationIsVisible = 0;
			defaultConfigurationName = Release;
		};
		AEE6D6D5224DED54000062B0 /* Build configuration list for PBXNativeTarget "Notification Content App Extension" */ = {
			isa = XCConfigurationList;
			buildConfigurations = (
				AEE6D6D6224DED54000062B0 /* Debug */,
				AEE6D6D7224DED54000062B0 /* Release */,
			);
			defaultConfigurationIsVisible = 0;
			defaultConfigurationName = Release;
		};
/* End XCConfigurationList section */
	};
	rootObject = AEC610DB222E4C170074AC7D /* Project object */;
}
